
Microsoft Visual Studio Solution File, Format Version 12.00
# Visual Studio Version 16
VisualStudioVersion = 16.0.30804.86
MinimumVisualStudioVersion = 10.0.40219.1
Project("{9A19103F-16F7-4668-BE54-9A1E7A4F7556}") = "RoadmapChecklist.Api", "RoadmapChecklist.Api\RoadmapChecklist.Api.csproj", "{CC16E7DE-3DE7-464E-B344-A80991665337}"
EndProject
Project("{9A19103F-16F7-4668-BE54-9A1E7A4F7556}") = "RoadmapChecklist.Entity", "RoadmapChecklist.Entity\RoadmapChecklist.Entity.csproj", "{E1CAC9F9-3282-4A6B-88B2-21D1DB6927D5}"
EndProject
Project("{9A19103F-16F7-4668-BE54-9A1E7A4F7556}") = "RoadmapChecklist.Service", "RoadmapChecklist.Service\RoadmapChecklist.Service.csproj", "{246F44D5-7FAB-4D79-8ACB-04346D96D08E}"
EndProject
Project("{9A19103F-16F7-4668-BE54-9A1E7A4F7556}") = "RoadmapChecklist.Core", "RoadmapChecklist.Core\RoadmapChecklist.Core.csproj", "{BD5A4562-5287-4DF6-9DDE-BDE6C5BAA61A}"
EndProject
Project("{FAE04EC0-301F-11D3-BF4B-00C04F79EFBC}") = "Data", "Data\Data.csproj", "{07B8BA48-2413-424D-BE53-0BE4136909CD}"
EndProject
Global
	GlobalSection(SolutionConfigurationPlatforms) = preSolution
		Debug|Any CPU = Debug|Any CPU
		Release|Any CPU = Release|Any CPU
	EndGlobalSection
	GlobalSection(ProjectConfigurationPlatforms) = postSolution
		{CC16E7DE-3DE7-464E-B344-A80991665337}.Debug|Any CPU.ActiveCfg = Debug|Any CPU
		{CC16E7DE-3DE7-464E-B344-A80991665337}.Debug|Any CPU.Build.0 = Debug|Any CPU
		{CC16E7DE-3DE7-464E-B344-A80991665337}.Release|Any CPU.ActiveCfg = Release|Any CPU
		{CC16E7DE-3DE7-464E-B344-A80991665337}.Release|Any CPU.Build.0 = Release|Any CPU
		{E1CAC9F9-3282-4A6B-88B2-21D1DB6927D5}.Debug|Any CPU.ActiveCfg = Debug|Any CPU
		{E1CAC9F9-3282-4A6B-88B2-21D1DB6927D5}.Debug|Any CPU.Build.0 = Debug|Any CPU
		{E1CAC9F9-3282-4A6B-88B2-21D1DB6927D5}.Release|Any CPU.ActiveCfg = Release|Any CPU
		{E1CAC9F9-3282-4A6B-88B2-21D1DB6927D5}.Release|Any CPU.Build.0 = Release|Any CPU
		{246F44D5-7FAB-4D79-8ACB-04346D96D08E}.Debug|Any CPU.ActiveCfg = Debug|Any CPU
		{246F44D5-7FAB-4D79-8ACB-04346D96D08E}.Debug|Any CPU.Build.0 = Debug|Any CPU
		{246F44D5-7FAB-4D79-8ACB-04346D96D08E}.Release|Any CPU.ActiveCfg = Release|Any CPU
		{246F44D5-7FAB-4D79-8ACB-04346D96D08E}.Release|Any CPU.Build.0 = Release|Any CPU
		{BD5A4562-5287-4DF6-9DDE-BDE6C5BAA61A}.Debug|Any CPU.ActiveCfg = Debug|Any CPU
		{BD5A4562-5287-4DF6-9DDE-BDE6C5BAA61A}.Debug|Any CPU.Build.0 = Debug|Any CPU
		{BD5A4562-5287-4DF6-9DDE-BDE6C5BAA61A}.Release|Any CPU.ActiveCfg = Release|Any CPU
		{BD5A4562-5287-4DF6-9DDE-BDE6C5BAA61A}.Release|Any CPU.Build.0 = Release|Any CPU
		{07B8BA48-2413-424D-BE53-0BE4136909CD}.Debug|Any CPU.ActiveCfg = Debug|Any CPU
		{07B8BA48-2413-424D-BE53-0BE4136909CD}.Debug|Any CPU.Build.0 = Debug|Any CPU
		{07B8BA48-2413-424D-BE53-0BE4136909CD}.Release|Any CPU.ActiveCfg = Release|Any CPU
		{07B8BA48-2413-424D-BE53-0BE4136909CD}.Release|Any CPU.Build.0 = Release|Any CPU
	EndGlobalSection
	GlobalSection(SolutionProperties) = preSolution
		HideSolutionNode = FALSE
	EndGlobalSection
	GlobalSection(ExtensibilityGlobals) = postSolution
		SolutionGuid = {54D98F6A-B8AB-4815-BDBF-95D0EECEAD32}
	EndGlobalSection
EndGlobal
